
Microsoft Visual Studio Solution File, Format Version 12.00
# Visual Studio Version 17
VisualStudioVersion = 17.3.32825.248
MinimumVisualStudioVersion = 10.0.40219.1
Project("{FAE04EC0-301F-11D3-BF4B-00C04F79EFBC}") = "Lam 17.02", "Lam 17.02\Lam 17.02.csproj", "{19FA38E6-083B-4D8B-93C5-6E4215728405}"
EndProject
Global
	GlobalSection(SolutionConfigurationPlatforms) = preSolution
		Debug|Any CPU = Debug|Any CPU
		Release|Any CPU = Release|Any CPU
	EndGlobalSection
	GlobalSection(ProjectConfigurationPlatforms) = postSolution
		{19FA38E6-083B-4D8B-93C5-6E4215728405}.Debug|Any CPU.ActiveCfg = Debug|Any CPU
		{19FA38E6-083B-4D8B-93C5-6E4215728405}.Debug|Any CPU.Build.0 = Debug|Any CPU
		{19FA38E6-083B-4D8B-93C5-6E4215728405}.Release|Any CPU.ActiveCfg = Release|Any CPU
		{19FA38E6-083B-4D8B-93C5-6E4215728405}.Release|Any CPU.Build.0 = Release|Any CPU
	EndGlobalSection
	GlobalSection(SolutionProperties) = preSolution
		HideSolutionNode = FALSE
	EndGlobalSection
	GlobalSection(ExtensibilityGlobals) = postSolution
		SolutionGuid = {F77DAD5C-B369-4546-949A-09E2DACA3315}
	EndGlobalSection
EndGlobal
